<?xml version="1.0" encoding="utf-8"?>
<Project ToolsVersion="4.0" xmlns="http://schemas.microsoft.com/developer/msbuild/2003">
  <ItemGroup>
    <Filter Include="源文件">
      <UniqueIdentifier>{4FC737F1-C7A5-4376-A066-2A32D752A2FF}</UniqueIdentifier>
      <Extensions>cpp;c;cc;cxx;def;odl;idl;hpj;bat;asm;asmx</Extensions>
    </Filter>
    <Filter Include="头文件">
      <UniqueIdentifier>{93995380-89BD-4b04-88EB-625FBE52EBFB}</UniqueIdentifier>
      <Extensions>h;hh;hpp;hxx;hm;inl;inc;xsd</Extensions>
    </Filter>
    <Filter Include="资源文件">
      <UniqueIdentifier>{67DA6AB6-F800-4c08-8B7A-83BB121AAD01}</UniqueIdentifier>
      <Extensions>rc;ico;cur;bmp;dlg;rc2;rct;bin;rgs;gif;jpg;jpeg;jpe;resx;tiff;tif;png;wav;mfcribbon-ms</Extensions>
    </Filter>
    <Filter Include="源文件\JNIimplementation">
      <UniqueIdentifier>{ec7331d5-489e-4f12-9b86-6268b0524402}</UniqueIdentifier>
    </Filter>
    <Filter Include="源文件\viderSearch">
      <UniqueIdentifier>{ad784f5a-64c5-4cb2-a621-61c78b40f789}</UniqueIdentifier>
    </Filter>
    <Filter Include="源文件\viderSearch\flann">
      <UniqueIdentifier>{405690f5-f50e-4815-ad81-7bb2e5c80baa}</UniqueIdentifier>
    </Filter>
    <Filter Include="源文件\viderSearch\flann\algorithms">
      <UniqueIdentifier>{738d08d8-8a56-467e-a5cf-10264c36c686}</UniqueIdentifier>
    </Filter>
    <Filter Include="源文件\viderSearch\flann\ext">
      <UniqueIdentifier>{9bccd9a0-2178-4624-af1a-5263ad091134}</UniqueIdentifier>
    </Filter>
    <Filter Include="源文件\viderSearch\flann\util">
      <UniqueIdentifier>{dc590bd3-ce93-41ef-9b9b-935076eca2e1}</UniqueIdentifier>
    </Filter>
  </ItemGroup>
  <ItemGroup>
    <ClInclude Include="..\..\javaCodes\VideoSearch\jni\casia_isiteam_slave_IndexJNIimpl.h">
      <Filter>头文件</Filter>
    </ClInclude>
    <ClInclude Include="..\src\colorFeat.h">
      <Filter>源文件\viderSearch</Filter>
    </ClInclude>
    <ClInclude Include="..\src\DataTable.h">
      <Filter>源文件\viderSearch</Filter>
    </ClInclude>
    <ClInclude Include="..\src\FeatExactor.h">
      <Filter>源文件\viderSearch</Filter>
    </ClInclude>
    <ClInclude Include="..\src\index_sort.h">
      <Filter>源文件\viderSearch</Filter>
    </ClInclude>
    <ClInclude Include="..\src\KeyFrameExactor.h">
      <Filter>源文件\viderSearch</Filter>
    </ClInclude>
    <ClInclude Include="..\src\NonCopyable.h">
      <Filter>源文件\viderSearch</Filter>
    </ClInclude>
    <ClInclude Include="..\src\Preprocessor.h">
      <Filter>源文件\viderSearch</Filter>
    </ClInclude>
    <ClInclude Include="..\src\Serialization.h">
      <Filter>源文件\viderSearch</Filter>
    </ClInclude>
    <ClInclude Include="..\src\VideoIndexEngine.h">
      <Filter>源文件\viderSearch</Filter>
    </ClInclude>
    <ClInclude Include="..\src\VideoReader.h">
      <Filter>源文件\viderSearch</Filter>
    </ClInclude>
    <ClInclude Include="..\src\VideoSearchParam.h">
      <Filter>源文件\viderSearch</Filter>
    </ClInclude>
    <ClInclude Include="..\src\flann\config.h">
      <Filter>源文件\viderSearch\flann</Filter>
    </ClInclude>
    <ClInclude Include="..\src\flann\defines.h">
      <Filter>源文件\viderSearch\flann</Filter>
    </ClInclude>
    <ClInclude Include="..\src\flann\flann.hpp">
      <Filter>源文件\viderSearch\flann</Filter>
    </ClInclude>
    <ClInclude Include="..\src\flann\general.h">
      <Filter>源文件\viderSearch\flann</Filter>
    </ClInclude>
    <ClInclude Include="..\src\flann\algorithms\all_indices.h">
      <Filter>源文件\viderSearch\flann\algorithms</Filter>
    </ClInclude>
    <ClInclude Include="..\src\flann\algorithms\center_chooser.h">
      <Filter>源文件\viderSearch\flann\algorithms</Filter>
    </ClInclude>
    <ClInclude Include="..\src\flann\algorithms\dist.h">
      <Filter>源文件\viderSearch\flann\algorithms</Filter>
    </ClInclude>
    <ClInclude Include="..\src\flann\algorithms\hierarchical_clustering_index.h">
      <Filter>源文件\viderSearch\flann\algorithms</Filter>
    </ClInclude>
    <ClInclude Include="..\src\flann\algorithms\nn_index.h">
      <Filter>源文件\viderSearch\flann\algorithms</Filter>
    </ClInclude>
    <ClInclude Include="..\src\flann\ext\lz4.h">
      <Filter>源文件\viderSearch\flann\ext</Filter>
    </ClInclude>
    <ClInclude Include="..\src\flann\ext\lz4hc.h">
      <Filter>源文件\viderSearch\flann\ext</Filter>
    </ClInclude>
    <ClInclude Include="..\src\flann\util\allocator.h">
      <Filter>源文件\viderSearch\flann\util</Filter>
    </ClInclude>
    <ClInclude Include="..\src\flann\util\any.h">
      <Filter>源文件\viderSearch\flann\util</Filter>
    </ClInclude>
    <ClInclude Include="..\src\flann\util\dynamic_bitset.h">
      <Filter>源文件\viderSearch\flann\util</Filter>
    </ClInclude>
    <ClInclude Include="..\src\flann\util\heap.h">
      <Filter>源文件\viderSearch\flann\util</Filter>
    </ClInclude>
    <ClInclude Include="..\src\flann\util\logger.h">
      <Filter>源文件\viderSearch\flann\util</Filter>
    </ClInclude>
    <ClInclude Include="..\src\flann\util\matrix.h">
      <Filter>源文件\viderSearch\flann\util</Filter>
    </ClInclude>
    <ClInclude Include="..\src\flann\util\object_factory.h">
      <Filter>源文件\viderSearch\flann\util</Filter>
    </ClInclude>
    <ClInclude Include="..\src\flann\util\params.h">
      <Filter>源文件\viderSearch\flann\util</Filter>
    </ClInclude>
    <ClInclude Include="..\src\flann\util\random.h">
      <Filter>源文件\viderSearch\flann\util</Filter>
    </ClInclude>
    <ClInclude Include="..\src\flann\util\result_set.h">
      <Filter>源文件\viderSearch\flann\util</Filter>
    </ClInclude>
    <ClInclude Include="..\src\flann\util\sampling.h">
      <Filter>源文件\viderSearch\flann\util</Filter>
    </ClInclude>
    <ClInclude Include="..\src\flann\util\saving.h">
      <Filter>源文件\viderSearch\flann\util</Filter>
    </ClInclude>
    <ClInclude Include="..\src\flann\util\serialization.h">
      <Filter>源文件\viderSearch\flann\util</Filter>
    </ClInclude>
    <ClInclude Include="..\src\flann\util\timer.h">
      <Filter>源文件\viderSearch\flann\util</Filter>
    </ClInclude>
  </ItemGroup>
  <ItemGroup>
    <ClCompile Include="..\src\colorFeat.cpp">
      <Filter>源文件\viderSearch</Filter>
    </ClCompile>
    <ClCompile Include="..\src\DataTable.cpp">
      <Filter>源文件\viderSearch</Filter>
    </ClCompile>
    <ClCompile Include="..\src\FeatExactor.cpp">
      <Filter>源文件\viderSearch</Filter>
    </ClCompile>
    <ClCompile Include="..\src\KeyFrameExactor.cpp">
      <Filter>源文件\viderSearch</Filter>
    </ClCompile>
    <ClCompile Include="..\src\Preprocessor.cpp">
      <Filter>源文件\viderSearch</Filter>
    </ClCompile>
    <ClCompile Include="..\src\VideoIndexEngine.cpp">
      <Filter>源文件\viderSearch</Filter>
    </ClCompile>
    <ClCompile Include="..\src\VideoReader.cpp">
      <Filter>源文件\viderSearch</Filter>
    </ClCompile>
    <ClCompile Include="..\src\VideoSearchParam.cpp">
      <Filter>源文件\viderSearch</Filter>
    </ClCompile>
    <ClCompile Include="..\src\flann\ext\lz4.c">
      <Filter>源文件\viderSearch\flann\ext</Filter>
    </ClCompile>
    <ClCompile Include="..\src\flann\ext\lz4hc.c">
      <Filter>源文件\viderSearch\flann\ext</Filter>
    </ClCompile>
    <ClCompile Include="..\src\jniImplementation\impl.cpp">
      <Filter>源文件\JNIimplementation</Filter>
    </ClCompile>
  </ItemGroup>
</Project>