<?xml version="1.0" encoding="utf-8"?>
<Project ToolsVersion="4.0" xmlns="http://schemas.microsoft.com/developer/msbuild/2003">
  <ItemGroup>
    <Filter Include="源文件">
      <UniqueIdentifier>{4FC737F1-C7A5-4376-A066-2A32D752A2FF}</UniqueIdentifier>
      <Extensions>cpp;c;cc;cxx;def;odl;idl;hpj;bat;asm;asmx</Extensions>
    </Filter>
    <Filter Include="头文件">
      <UniqueIdentifier>{93995380-89BD-4b04-88EB-625FBE52EBFB}</UniqueIdentifier>
      <Extensions>h;hh;hpp;hxx;hm;inl;inc;xsd</Extensions>
    </Filter>
    <Filter Include="资源文件">
      <UniqueIdentifier>{67DA6AB6-F800-4c08-8B7A-83BB121AAD01}</UniqueIdentifier>
      <Extensions>rc;ico;cur;bmp;dlg;rc2;rct;bin;rgs;gif;jpg;jpeg;jpe;resx;tiff;tif;png;wav;mfcribbon-ms</Extensions>
    </Filter>
    <Filter Include="Preprocessor">
      <UniqueIdentifier>{ef838fd1-2464-4c14-b577-ad3c21b460db}</UniqueIdentifier>
    </Filter>
    <Filter Include="KeyFrameExactor">
      <UniqueIdentifier>{83d1a5f3-fce2-4fb1-b71f-514856519435}</UniqueIdentifier>
    </Filter>
    <Filter Include="flann">
      <UniqueIdentifier>{ebae749c-6dc0-428a-9147-35fae44d6168}</UniqueIdentifier>
    </Filter>
    <Filter Include="flann\ext">
      <UniqueIdentifier>{52fe7f3a-dab6-44fc-b019-9226b8b2170a}</UniqueIdentifier>
    </Filter>
    <Filter Include="flann\util">
      <UniqueIdentifier>{e1c401f7-11f4-429b-af67-44f1344ca1b9}</UniqueIdentifier>
    </Filter>
    <Filter Include="flann\algorithms">
      <UniqueIdentifier>{1b207146-ba68-479e-bd5a-e2cc65a1a7c2}</UniqueIdentifier>
    </Filter>
  </ItemGroup>
  <ItemGroup>
    <ClCompile Include="..\src\Preprocessor.cpp">
      <Filter>Preprocessor</Filter>
    </ClCompile>
    <ClCompile Include="..\src\colorFeat.cpp">
      <Filter>KeyFrameExactor</Filter>
    </ClCompile>
    <ClCompile Include="..\src\KeyFrameExactor.cpp">
      <Filter>KeyFrameExactor</Filter>
    </ClCompile>
    <ClCompile Include="..\src\DataTable.cpp">
      <Filter>源文件</Filter>
    </ClCompile>
    <ClCompile Include="..\src\FeatExactor.cpp">
      <Filter>源文件</Filter>
    </ClCompile>
    <ClCompile Include="..\src\VideoIndexEngine.cpp">
      <Filter>源文件</Filter>
    </ClCompile>
    <ClCompile Include="..\src\VideoSearchParam.cpp">
      <Filter>源文件</Filter>
    </ClCompile>
    <ClCompile Include="..\test\test_search_core.cpp">
      <Filter>源文件</Filter>
    </ClCompile>
    <ClCompile Include="..\src\VideoReader.cpp">
      <Filter>源文件</Filter>
    </ClCompile>
    <ClCompile Include="..\src\flann\ext\lz4.c">
      <Filter>flann\ext</Filter>
    </ClCompile>
    <ClCompile Include="..\src\flann\ext\lz4hc.c">
      <Filter>flann\ext</Filter>
    </ClCompile>
  </ItemGroup>
  <ItemGroup>
    <ClInclude Include="..\src\Preprocessor.h">
      <Filter>Preprocessor</Filter>
    </ClInclude>
    <ClInclude Include="..\src\colorFeat.h">
      <Filter>KeyFrameExactor</Filter>
    </ClInclude>
    <ClInclude Include="..\src\index_sort.h">
      <Filter>KeyFrameExactor</Filter>
    </ClInclude>
    <ClInclude Include="..\src\KeyFrameExactor.h">
      <Filter>KeyFrameExactor</Filter>
    </ClInclude>
    <ClInclude Include="..\src\DataTable.h">
      <Filter>头文件</Filter>
    </ClInclude>
    <ClInclude Include="..\src\FeatExactor.h">
      <Filter>头文件</Filter>
    </ClInclude>
    <ClInclude Include="..\src\NonCopyable.h">
      <Filter>头文件</Filter>
    </ClInclude>
    <ClInclude Include="..\src\VideoIndexEngine.h">
      <Filter>头文件</Filter>
    </ClInclude>
    <ClInclude Include="..\src\VideoSearchParam.h">
      <Filter>头文件</Filter>
    </ClInclude>
    <ClInclude Include="..\src\VideoReader.h">
      <Filter>头文件</Filter>
    </ClInclude>
    <ClInclude Include="..\src\Serialization.h">
      <Filter>头文件</Filter>
    </ClInclude>
    <ClInclude Include="..\src\flann\ext\lz4.h">
      <Filter>flann\ext</Filter>
    </ClInclude>
    <ClInclude Include="..\src\flann\ext\lz4hc.h">
      <Filter>flann\ext</Filter>
    </ClInclude>
    <ClInclude Include="..\src\flann\algorithms\all_indices.h">
      <Filter>flann\algorithms</Filter>
    </ClInclude>
    <ClInclude Include="..\src\flann\algorithms\center_chooser.h">
      <Filter>flann\algorithms</Filter>
    </ClInclude>
    <ClInclude Include="..\src\flann\algorithms\dist.h">
      <Filter>flann\algorithms</Filter>
    </ClInclude>
    <ClInclude Include="..\src\flann\algorithms\hierarchical_clustering_index.h">
      <Filter>flann\algorithms</Filter>
    </ClInclude>
    <ClInclude Include="..\src\flann\algorithms\nn_index.h">
      <Filter>flann\algorithms</Filter>
    </ClInclude>
    <ClInclude Include="..\src\flann\util\allocator.h">
      <Filter>flann\util</Filter>
    </ClInclude>
    <ClInclude Include="..\src\flann\util\any.h">
      <Filter>flann\util</Filter>
    </ClInclude>
    <ClInclude Include="..\src\flann\util\dynamic_bitset.h">
      <Filter>flann\util</Filter>
    </ClInclude>
    <ClInclude Include="..\src\flann\util\heap.h">
      <Filter>flann\util</Filter>
    </ClInclude>
    <ClInclude Include="..\src\flann\util\logger.h">
      <Filter>flann\util</Filter>
    </ClInclude>
    <ClInclude Include="..\src\flann\util\matrix.h">
      <Filter>flann\util</Filter>
    </ClInclude>
    <ClInclude Include="..\src\flann\util\object_factory.h">
      <Filter>flann\util</Filter>
    </ClInclude>
    <ClInclude Include="..\src\flann\util\params.h">
      <Filter>flann\util</Filter>
    </ClInclude>
    <ClInclude Include="..\src\flann\util\random.h">
      <Filter>flann\util</Filter>
    </ClInclude>
    <ClInclude Include="..\src\flann\util\result_set.h">
      <Filter>flann\util</Filter>
    </ClInclude>
    <ClInclude Include="..\src\flann\util\sampling.h">
      <Filter>flann\util</Filter>
    </ClInclude>
    <ClInclude Include="..\src\flann\util\saving.h">
      <Filter>flann\util</Filter>
    </ClInclude>
    <ClInclude Include="..\src\flann\util\serialization.h">
      <Filter>flann\util</Filter>
    </ClInclude>
    <ClInclude Include="..\src\flann\util\timer.h">
      <Filter>flann\util</Filter>
    </ClInclude>
    <ClInclude Include="..\src\flann\config.h">
      <Filter>flann</Filter>
    </ClInclude>
    <ClInclude Include="..\src\flann\defines.h">
      <Filter>flann</Filter>
    </ClInclude>
    <ClInclude Include="..\src\flann\flann.hpp">
      <Filter>flann</Filter>
    </ClInclude>
    <ClInclude Include="..\src\flann\general.h">
      <Filter>flann</Filter>
    </ClInclude>
  </ItemGroup>
  <ItemGroup>
    <None Include="ClassDiagram.cd" />
  </ItemGroup>
</Project>